
Microsoft Visual Studio Solution File, Format Version 12.00
# Visual Studio 15
Project("{FAE04EC0-301F-11D3-BF4B-00C04F79EFBC}") = "Assembly-CSharp", "Assembly-CSharp.csproj", "{08BB3092-629B-F8FF-82B1-B091F75E137C}"
EndProject
Project("{FAE04EC0-301F-11D3-BF4B-00C04F79EFBC}") = "Assembly-CSharp-firstpass", "Assembly-CSharp-firstpass.csproj", "{B6440F5E-3053-25F0-8305-7EC35574E87E}"
EndProject
Project("{FAE04EC0-301F-11D3-BF4B-00C04F79EFBC}") = "Assembly-CSharp-Editor", "Assembly-CSharp-Editor.csproj", "{74230499-F762-529D-2873-EE26FF59CEE9}"
EndProject
Global
	GlobalSection(SolutionConfigurationPlatforms) = preSolution
		Debug|Any CPU = Debug|Any CPU
		Release|Any CPU = Release|Any CPU
	EndGlobalSection
	GlobalSection(ProjectConfigurationPlatforms) = postSolution
		{08BB3092-629B-F8FF-82B1-B091F75E137C}.Debug|Any CPU.ActiveCfg = Debug|Any CPU
		{08BB3092-629B-F8FF-82B1-B091F75E137C}.Debug|Any CPU.Build.0 = Debug|Any CPU
		{08BB3092-629B-F8FF-82B1-B091F75E137C}.Release|Any CPU.ActiveCfg = Release|Any CPU
		{08BB3092-629B-F8FF-82B1-B091F75E137C}.Release|Any CPU.Build.0 = Release|Any CPU
		{B6440F5E-3053-25F0-8305-7EC35574E87E}.Debug|Any CPU.ActiveCfg = Debug|Any CPU
		{B6440F5E-3053-25F0-8305-7EC35574E87E}.Debug|Any CPU.Build.0 = Debug|Any CPU
		{B6440F5E-3053-25F0-8305-7EC35574E87E}.Release|Any CPU.ActiveCfg = Release|Any CPU
		{B6440F5E-3053-25F0-8305-7EC35574E87E}.Release|Any CPU.Build.0 = Release|Any CPU
		{74230499-F762-529D-2873-EE26FF59CEE9}.Debug|Any CPU.ActiveCfg = Debug|Any CPU
		{74230499-F762-529D-2873-EE26FF59CEE9}.Debug|Any CPU.Build.0 = Debug|Any CPU
		{74230499-F762-529D-2873-EE26FF59CEE9}.Release|Any CPU.ActiveCfg = Release|Any CPU
		{74230499-F762-529D-2873-EE26FF59CEE9}.Release|Any CPU.Build.0 = Release|Any CPU
	EndGlobalSection
	GlobalSection(SolutionProperties) = preSolution
		HideSolutionNode = FALSE
	EndGlobalSection
EndGlobal
