
Microsoft Visual Studio Solution File, Format Version 12.00
# Visual Studio 15
Project("{FAE04EC0-301F-11D3-BF4B-00C04F79EFBC}") = "Assembly-CSharp", "Assembly-CSharp.csproj", "{12FB4FF5-7EB7-82AB-6E3E-F384D1F73B98}"
EndProject
Project("{FAE04EC0-301F-11D3-BF4B-00C04F79EFBC}") = "Assembly-CSharp-Editor", "Assembly-CSharp-Editor.csproj", "{4CF9EBCD-09AE-7A31-40F8-1479496919BC}"
EndProject
Global
	GlobalSection(SolutionConfigurationPlatforms) = preSolution
		Debug|Any CPU = Debug|Any CPU
		Release|Any CPU = Release|Any CPU
	EndGlobalSection
	GlobalSection(ProjectConfigurationPlatforms) = postSolution
		{12FB4FF5-7EB7-82AB-6E3E-F384D1F73B98}.Debug|Any CPU.ActiveCfg = Debug|Any CPU
		{12FB4FF5-7EB7-82AB-6E3E-F384D1F73B98}.Debug|Any CPU.Build.0 = Debug|Any CPU
		{12FB4FF5-7EB7-82AB-6E3E-F384D1F73B98}.Release|Any CPU.ActiveCfg = Release|Any CPU
		{12FB4FF5-7EB7-82AB-6E3E-F384D1F73B98}.Release|Any CPU.Build.0 = Release|Any CPU
		{4CF9EBCD-09AE-7A31-40F8-1479496919BC}.Debug|Any CPU.ActiveCfg = Debug|Any CPU
		{4CF9EBCD-09AE-7A31-40F8-1479496919BC}.Debug|Any CPU.Build.0 = Debug|Any CPU
		{4CF9EBCD-09AE-7A31-40F8-1479496919BC}.Release|Any CPU.ActiveCfg = Release|Any CPU
		{4CF9EBCD-09AE-7A31-40F8-1479496919BC}.Release|Any CPU.Build.0 = Release|Any CPU
	EndGlobalSection
	GlobalSection(SolutionProperties) = preSolution
		HideSolutionNode = FALSE
	EndGlobalSection
EndGlobal
